// !$*UTF8*$!
{
	archiveVersion = 1;
	classes = {
	};
	objectVersion = 56;
	objects = {

/* Begin PBXBuildFile section */
		C9E466C12A90D41F00618A72 /* PoddtoppenApp.swift in Sources */ = {isa = PBXBuildFile; fileRef = C9E466C02A90D41F00618A72 /* PoddtoppenApp.swift */; };
		C9E466C32A90D41F00618A72 /* ContentView.swift in Sources */ = {isa = PBXBuildFile; fileRef = C9E466C22A90D41F00618A72 /* ContentView.swift */; };
		C9E466C52A90D42500618A72 /* Assets.xcassets in Resources */ = {isa = PBXBuildFile; fileRef = C9E466C42A90D42500618A72 /* Assets.xcassets */; };
		C9E466C82A90D42500618A72 /* Preview Assets.xcassets in Resources */ = {isa = PBXBuildFile; fileRef = C9E466C72A90D42500618A72 /* Preview Assets.xcassets */; };
		C9E466D22A90D42600618A72 /* PoddtoppenTests.swift in Sources */ = {isa = PBXBuildFile; fileRef = C9E466D12A90D42600618A72 /* PoddtoppenTests.swift */; };
		C9E466DC2A90D42600618A72 /* PoddtoppenUITests.swift in Sources */ = {isa = PBXBuildFile; fileRef = C9E466DB2A90D42600618A72 /* PoddtoppenUITests.swift */; };
		C9E466DE2A90D42600618A72 /* PoddtoppenUITestsLaunchTests.swift in Sources */ = {isa = PBXBuildFile; fileRef = C9E466DD2A90D42600618A72 /* PoddtoppenUITestsLaunchTests.swift */; };
/* End PBXBuildFile section */

/* Begin PBXContainerItemProxy section */
		C9E466CE2A90D42600618A72 /* PBXContainerItemProxy */ = {
			isa = PBXContainerItemProxy;
			containerPortal = C9E466B52A90D41F00618A72 /* Project object */;
			proxyType = 1;
			remoteGlobalIDString = C9E466BC2A90D41F00618A72;
			remoteInfo = Poddtoppen;
		};
		C9E466D82A90D42600618A72 /* PBXContainerItemProxy */ = {
			isa = PBXContainerItemProxy;
			containerPortal = C9E466B52A90D41F00618A72 /* Project object */;
			proxyType = 1;
			remoteGlobalIDString = C9E466BC2A90D41F00618A72;
			remoteInfo = Poddtoppen;
		};
/* End PBXContainerItemProxy section */

/* Begin PBXFileReference section */
		C9E466BD2A90D41F00618A72 /* Poddtoppen.app */ = {isa = PBXFileReference; explicitFileType = wrapper.application; includeInIndex = 0; path = Poddtoppen.app; sourceTree = BUILT_PRODUCTS_DIR; };
		C9E466C02A90D41F00618A72 /* PoddtoppenApp.swift */ = {isa = PBXFileReference; lastKnownFileType = sourcecode.swift; path = PoddtoppenApp.swift; sourceTree = "<group>"; };
		C9E466C22A90D41F00618A72 /* ContentView.swift */ = {isa = PBXFileReference; lastKnownFileType = sourcecode.swift; path = ContentView.swift; sourceTree = "<group>"; };
		C9E466C42A90D42500618A72 /* Assets.xcassets */ = {isa = PBXFileReference; lastKnownFileType = folder.assetcatalog; path = Assets.xcassets; sourceTree = "<group>"; };
		C9E466C72A90D42500618A72 /* Preview Assets.xcassets */ = {isa = PBXFileReference; lastKnownFileType = folder.assetcatalog; path = "Preview Assets.xcassets"; sourceTree = "<group>"; };
		C9E466CD2A90D42600618A72 /* PoddtoppenTests.xctest */ = {isa = PBXFileReference; explicitFileType = wrapper.cfbundle; includeInIndex = 0; path = PoddtoppenTests.xctest; sourceTree = BUILT_PRODUCTS_DIR; };
		C9E466D12A90D42600618A72 /* PoddtoppenTests.swift */ = {isa = PBXFileReference; lastKnownFileType = sourcecode.swift; path = PoddtoppenTests.swift; sourceTree = "<group>"; };
		C9E466D72A90D42600618A72 /* PoddtoppenUITests.xctest */ = {isa = PBXFileReference; explicitFileType = wrapper.cfbundle; includeInIndex = 0; path = PoddtoppenUITests.xctest; sourceTree = BUILT_PRODUCTS_DIR; };
		C9E466DB2A90D42600618A72 /* PoddtoppenUITests.swift */ = {isa = PBXFileReference; lastKnownFileType = sourcecode.swift; path = PoddtoppenUITests.swift; sourceTree = "<group>"; };
		C9E466DD2A90D42600618A72 /* PoddtoppenUITestsLaunchTests.swift */ = {isa = PBXFileReference; lastKnownFileType = sourcecode.swift; path = PoddtoppenUITestsLaunchTests.swift; sourceTree = "<group>"; };
/* End PBXFileReference section */

/* Begin PBXFrameworksBuildPhase section */
		C9E466BA2A90D41F00618A72 /* Frameworks */ = {
			isa = PBXFrameworksBuildPhase;
			buildActionMask = 2147483647;
			files = (
			);
			runOnlyForDeploymentPostprocessing = 0;
		};
		C9E466CA2A90D42600618A72 /* Frameworks */ = {
			isa = PBXFrameworksBuildPhase;
			buildActionMask = 2147483647;
			files = (
			);
			runOnlyForDeploymentPostprocessing = 0;
		};
		C9E466D42A90D42600618A72 /* Frameworks */ = {
			isa = PBXFrameworksBuildPhase;
			buildActionMask = 2147483647;
			files = (
			);
			runOnlyForDeploymentPostprocessing = 0;
		};
/* End PBXFrameworksBuildPhase section */

/* Begin PBXGroup section */
		C9E466B42A90D41F00618A72 = {
			isa = PBXGroup;
			children = (
				C9E466BF2A90D41F00618A72 /* Poddtoppen */,
				C9E466D02A90D42600618A72 /* PoddtoppenTests */,
				C9E466DA2A90D42600618A72 /* PoddtoppenUITests */,
				C9E466BE2A90D41F00618A72 /* Products */,
			);
			sourceTree = "<group>";
		};
		C9E466BE2A90D41F00618A72 /* Products */ = {
			isa = PBXGroup;
			children = (
				C9E466BD2A90D41F00618A72 /* Poddtoppen.app */,
				C9E466CD2A90D42600618A72 /* PoddtoppenTests.xctest */,
				C9E466D72A90D42600618A72 /* PoddtoppenUITests.xctest */,
			);
			name = Products;
			sourceTree = "<group>";
		};
		C9E466BF2A90D41F00618A72 /* Poddtoppen */ = {
			isa = PBXGroup;
			children = (
				C9E466C02A90D41F00618A72 /* PoddtoppenApp.swift */,
				C9E466C22A90D41F00618A72 /* ContentView.swift */,
				C9E466C42A90D42500618A72 /* Assets.xcassets */,
				C9E466C62A90D42500618A72 /* Preview Content */,
			);
			path = Poddtoppen;
			sourceTree = "<group>";
		};
		C9E466C62A90D42500618A72 /* Preview Content */ = {
			isa = PBXGroup;
			children = (
				C9E466C72A90D42500618A72 /* Preview Assets.xcassets */,
			);
			path = "Preview Content";
			sourceTree = "<group>";
		};
		C9E466D02A90D42600618A72 /* PoddtoppenTests */ = {
			isa = PBXGroup;
			children = (
				C9E466D12A90D42600618A72 /* PoddtoppenTests.swift */,
			);
			path = PoddtoppenTests;
			sourceTree = "<group>";
		};
		C9E466DA2A90D42600618A72 /* PoddtoppenUITests */ = {
			isa = PBXGroup;
			children = (
				C9E466DB2A90D42600618A72 /* PoddtoppenUITests.swift */,
				C9E466DD2A90D42600618A72 /* PoddtoppenUITestsLaunchTests.swift */,
			);
			path = PoddtoppenUITests;
			sourceTree = "<group>";
		};
/* End PBXGroup section */

/* Begin PBXNativeTarget section */
		C9E466BC2A90D41F00618A72 /* Poddtoppen */ = {
			isa = PBXNativeTarget;
			buildConfigurationList = C9E466E12A90D42600618A72 /* Build configuration list for PBXNativeTarget "Poddtoppen" */;
			buildPhases = (
				C9E466B92A90D41F00618A72 /* Sources */,
				C9E466BA2A90D41F00618A72 /* Frameworks */,
				C9E466BB2A90D41F00618A72 /* Resources */,
			);
			buildRules = (
			);
			dependencies = (
			);
			name = Poddtoppen;
			productName = Poddtoppen;
			productReference = C9E466BD2A90D41F00618A72 /* Poddtoppen.app */;
			productType = "com.apple.product-type.application";
		};
		C9E466CC2A90D42600618A72 /* PoddtoppenTests */ = {
			isa = PBXNativeTarget;
			buildConfigurationList = C9E466E42A90D42600618A72 /* Build configuration list for PBXNativeTarget "PoddtoppenTests" */;
			buildPhases = (
				C9E466C92A90D42600618A72 /* Sources */,
				C9E466CA2A90D42600618A72 /* Frameworks */,
				C9E466CB2A90D42600618A72 /* Resources */,
			);
			buildRules = (
			);
			dependencies = (
				C9E466CF2A90D42600618A72 /* PBXTargetDependency */,
			);
			name = PoddtoppenTests;
			productName = PoddtoppenTests;
			productReference = C9E466CD2A90D42600618A72 /* PoddtoppenTests.xctest */;
			productType = "com.apple.product-type.bundle.unit-test";
		};
		C9E466D62A90D42600618A72 /* PoddtoppenUITests */ = {
			isa = PBXNativeTarget;
			buildConfigurationList = C9E466E72A90D42600618A72 /* Build configuration list for PBXNativeTarget "PoddtoppenUITests" */;
			buildPhases = (
				C9E466D32A90D42600618A72 /* Sources */,
				C9E466D42A90D42600618A72 /* Frameworks */,
				C9E466D52A90D42600618A72 /* Resources */,
			);
			buildRules = (
			);
			dependencies = (
				C9E466D92A90D42600618A72 /* PBXTargetDependency */,
			);
			name = PoddtoppenUITests;
			productName = PoddtoppenUITests;
			productReference = C9E466D72A90D42600618A72 /* PoddtoppenUITests.xctest */;
			productType = "com.apple.product-type.bundle.ui-testing";
		};
/* End PBXNativeTarget section */

/* Begin PBXProject section */
		C9E466B52A90D41F00618A72 /* Project object */ = {
			isa = PBXProject;
			attributes = {
				BuildIndependentTargetsInParallel = 1;
				LastSwiftUpdateCheck = 1420;
				LastUpgradeCheck = 1420;
				TargetAttributes = {
					C9E466BC2A90D41F00618A72 = {
						CreatedOnToolsVersion = 14.2;
					};
					C9E466CC2A90D42600618A72 = {
						CreatedOnToolsVersion = 14.2;
						TestTargetID = C9E466BC2A90D41F00618A72;
					};
					C9E466D62A90D42600618A72 = {
						CreatedOnToolsVersion = 14.2;
						TestTargetID = C9E466BC2A90D41F00618A72;
					};
				};
			};
			buildConfigurationList = C9E466B82A90D41F00618A72 /* Build configuration list for PBXProject "Poddtoppen" */;
			compatibilityVersion = "Xcode 14.0";
			developmentRegion = en;
			hasScannedForEncodings = 0;
			knownRegions = (
				en,
				Base,
			);
			mainGroup = C9E466B42A90D41F00618A72;
			productRefGroup = C9E466BE2A90D41F00618A72 /* Products */;
			projectDirPath = "";
			projectRoot = "";
			targets = (
				C9E466BC2A90D41F00618A72 /* Poddtoppen */,
				C9E466CC2A90D42600618A72 /* PoddtoppenTests */,
				C9E466D62A90D42600618A72 /* PoddtoppenUITests */,
			);
		};
/* End PBXProject section */

/* Begin PBXResourcesBuildPhase section */
		C9E466BB2A90D41F00618A72 /* Resources */ = {
			isa = PBXResourcesBuildPhase;
			buildActionMask = 2147483647;
			files = (
				C9E466C82A90D42500618A72 /* Preview Assets.xcassets in Resources */,
				C9E466C52A90D42500618A72 /* Assets.xcassets in Resources */,
			);
			runOnlyForDeploymentPostprocessing = 0;
		};
		C9E466CB2A90D42600618A72 /* Resources */ = {
			isa = PBXResourcesBuildPhase;
			buildActionMask = 2147483647;
			files = (
			);
			runOnlyForDeploymentPostprocessing = 0;
		};
		C9E466D52A90D42600618A72 /* Resources */ = {
			isa = PBXResourcesBuildPhase;
			buildActionMask = 2147483647;
			files = (
			);
			runOnlyForDeploymentPostprocessing = 0;
		};
/* End PBXResourcesBuildPhase section */

/* Begin PBXSourcesBuildPhase section */
		C9E466B92A90D41F00618A72 /* Sources */ = {
			isa = PBXSourcesBuildPhase;
			buildActionMask = 2147483647;
			files = (
				C9E466C32A90D41F00618A72 /* ContentView.swift in Sources */,
				C9E466C12A90D41F00618A72 /* PoddtoppenApp.swift in Sources */,
			);
			runOnlyForDeploymentPostprocessing = 0;
		};
		C9E466C92A90D42600618A72 /* Sources */ = {
			isa = PBXSourcesBuildPhase;
			buildActionMask = 2147483647;
			files = (
				C9E466D22A90D42600618A72 /* PoddtoppenTests.swift in Sources */,
			);
			runOnlyForDeploymentPostprocessing = 0;
		};
		C9E466D32A90D42600618A72 /* Sources */ = {
			isa = PBXSourcesBuildPhase;
			buildActionMask = 2147483647;
			files = (
				C9E466DC2A90D42600618A72 /* PoddtoppenUITests.swift in Sources */,
				C9E466DE2A90D42600618A72 /* PoddtoppenUITestsLaunchTests.swift in Sources */,
			);
			runOnlyForDeploymentPostprocessing = 0;
		};
/* End PBXSourcesBuildPhase section */

/* Begin PBXTargetDependency section */
		C9E466CF2A90D42600618A72 /* PBXTargetDependency */ = {
			isa = PBXTargetDependency;
			target = C9E466BC2A90D41F00618A72 /* Poddtoppen */;
			targetProxy = C9E466CE2A90D42600618A72 /* PBXContainerItemProxy */;
		};
		C9E466D92A90D42600618A72 /* PBXTargetDependency */ = {
			isa = PBXTargetDependency;
			target = C9E466BC2A90D41F00618A72 /* Poddtoppen */;
			targetProxy = C9E466D82A90D42600618A72 /* PBXContainerItemProxy */;
		};
/* End PBXTargetDependency section */

/* Begin XCBuildConfiguration section */
		C9E466DF2A90D42600618A72 /* Debug */ = {
			isa = XCBuildConfiguration;
			buildSettings = {
				ALWAYS_SEARCH_USER_PATHS = NO;
				CLANG_ANALYZER_NONNULL = YES;
				CLANG_ANALYZER_NUMBER_OBJECT_CONVERSION = YES_AGGRESSIVE;
				CLANG_CXX_LANGUAGE_STANDARD = "gnu++20";
				CLANG_ENABLE_MODULES = YES;
				CLANG_ENABLE_OBJC_ARC = YES;
				CLANG_ENABLE_OBJC_WEAK = YES;
				CLANG_WARN_BLOCK_CAPTURE_AUTORELEASING = YES;
				CLANG_WARN_BOOL_CONVERSION = YES;
				CLANG_WARN_COMMA = YES;
				CLANG_WARN_CONSTANT_CONVERSION = YES;
				CLANG_WARN_DEPRECATED_OBJC_IMPLEMENTATIONS = YES;
				CLANG_WARN_DIRECT_OBJC_ISA_USAGE = YES_ERROR;
				CLANG_WARN_DOCUMENTATION_COMMENTS = YES;
				CLANG_WARN_EMPTY_BODY = YES;
				CLANG_WARN_ENUM_CONVERSION = YES;
				CLANG_WARN_INFINITE_RECURSION = YES;
				CLANG_WARN_INT_CONVERSION = YES;
				CLANG_WARN_NON_LITERAL_NULL_CONVERSION = YES;
				CLANG_WARN_OBJC_IMPLICIT_RETAIN_SELF = YES;
				CLANG_WARN_OBJC_LITERAL_CONVERSION = YES;
				CLANG_WARN_OBJC_ROOT_CLASS = YES_ERROR;
				CLANG_WARN_QUOTED_INCLUDE_IN_FRAMEWORK_HEADER = YES;
				CLANG_WARN_RANGE_LOOP_ANALYSIS = YES;
				CLANG_WARN_STRICT_PROTOTYPES = YES;
				CLANG_WARN_SUSPICIOUS_MOVE = YES;
				CLANG_WARN_UNGUARDED_AVAILABILITY = YES_AGGRESSIVE;
				CLANG_WARN_UNREACHABLE_CODE = YES;
				CLANG_WARN__DUPLICATE_METHOD_MATCH = YES;
				COPY_PHASE_STRIP = NO;
				DEBUG_INFORMATION_FORMAT = dwarf;
				ENABLE_STRICT_OBJC_MSGSEND = YES;
				ENABLE_TESTABILITY = YES;
				GCC_C_LANGUAGE_STANDARD = gnu11;
				GCC_DYNAMIC_NO_PIC = NO;
				GCC_NO_COMMON_BLOCKS = YES;
				GCC_OPTIMIZATION_LEVEL = 0;
				GCC_PREPROCESSOR_DEFINITIONS = (
					"DEBUG=1",
					"$(inherited)",
				);
				GCC_WARN_64_TO_32_BIT_CONVERSION = YES;
				GCC_WARN_ABOUT_RETURN_TYPE = YES_ERROR;
				GCC_WARN_UNDECLARED_SELECTOR = YES;
				GCC_WARN_UNINITIALIZED_AUTOS = YES_AGGRESSIVE;
				GCC_WARN_UNUSED_FUNCTION = YES;
				GCC_WARN_UNUSED_VARIABLE = YES;
				IPHONEOS_DEPLOYMENT_TARGET = 16.2;
				MTL_ENABLE_DEBUG_INFO = INCLUDE_SOURCE;
				MTL_FAST_MATH = YES;
				ONLY_ACTIVE_ARCH = YES;
				SDKROOT = iphoneos;
				SWIFT_ACTIVE_COMPILATION_CONDITIONS = DEBUG;
				SWIFT_OPTIMIZATION_LEVEL = "-Onone";
			};
			name = Debug;
		};
		C9E466E02A90D42600618A72 /* Release */ = {
			isa = XCBuildConfiguration;
			buildSettings = {
				ALWAYS_SEARCH_USER_PATHS = NO;
				CLANG_ANALYZER_NONNULL = YES;
				CLANG_ANALYZER_NUMBER_OBJECT_CONVERSION = YES_AGGRESSIVE;
				CLANG_CXX_LANGUAGE_STANDARD = "gnu++20";
				CLANG_ENABLE_MODULES = YES;
				CLANG_ENABLE_OBJC_ARC = YES;
				CLANG_ENABLE_OBJC_WEAK = YES;
				CLANG_WARN_BLOCK_CAPTURE_AUTORELEASING = YES;
				CLANG_WARN_BOOL_CONVERSION = YES;
				CLANG_WARN_COMMA = YES;
				CLANG_WARN_CONSTANT_CONVERSION = YES;
				CLANG_WARN_DEPRECATED_OBJC_IMPLEMENTATIONS = YES;
				CLANG_WARN_DIRECT_OBJC_ISA_USAGE = YES_ERROR;
				CLANG_WARN_DOCUMENTATION_COMMENTS = YES;
				CLANG_WARN_EMPTY_BODY = YES;
				CLANG_WARN_ENUM_CONVERSION = YES;
				CLANG_WARN_INFINITE_RECURSION = YES;
				CLANG_WARN_INT_CONVERSION = YES;
				CLANG_WARN_NON_LITERAL_NULL_CONVERSION = YES;
				CLANG_WARN_OBJC_IMPLICIT_RETAIN_SELF = YES;
				CLANG_WARN_OBJC_LITERAL_CONVERSION = YES;
				CLANG_WARN_OBJC_ROOT_CLASS = YES_ERROR;
				CLANG_WARN_QUOTED_INCLUDE_IN_FRAMEWORK_HEADER = YES;
				CLANG_WARN_RANGE_LOOP_ANALYSIS = YES;
				CLANG_WARN_STRICT_PROTOTYPES = YES;
				CLANG_WARN_SUSPICIOUS_MOVE = YES;
				CLANG_WARN_UNGUARDED_AVAILABILITY = YES_AGGRESSIVE;
				CLANG_WARN_UNREACHABLE_CODE = YES;
				CLANG_WARN__DUPLICATE_METHOD_MATCH = YES;
				COPY_PHASE_STRIP = NO;
				DEBUG_INFORMATION_FORMAT = "dwarf-with-dsym";
				ENABLE_NS_ASSERTIONS = NO;
				ENABLE_STRICT_OBJC_MSGSEND = YES;
				GCC_C_LANGUAGE_STANDARD = gnu11;
				GCC_NO_COMMON_BLOCKS = YES;
				GCC_WARN_64_TO_32_BIT_CONVERSION = YES;
				GCC_WARN_ABOUT_RETURN_TYPE = YES_ERROR;
				GCC_WARN_UNDECLARED_SELECTOR = YES;
				GCC_WARN_UNINITIALIZED_AUTOS = YES_AGGRESSIVE;
				GCC_WARN_UNUSED_FUNCTION = YES;
				GCC_WARN_UNUSED_VARIABLE = YES;
				IPHONEOS_DEPLOYMENT_TARGET = 16.2;
				MTL_ENABLE_DEBUG_INFO = NO;
				MTL_FAST_MATH = YES;
				SDKROOT = iphoneos;
				SWIFT_COMPILATION_MODE = wholemodule;
				SWIFT_OPTIMIZATION_LEVEL = "-O";
				VALIDATE_PRODUCT = YES;
			};
			name = Release;
		};
		C9E466E22A90D42600618A72 /* Debug */ = {
			isa = XCBuildConfiguration;
			buildSettings = {
				ASSETCATALOG_COMPILER_APPICON_NAME = AppIcon;
				ASSETCATALOG_COMPILER_GLOBAL_ACCENT_COLOR_NAME = AccentColor;
				CODE_SIGN_STYLE = Automatic;
				CURRENT_PROJECT_VERSION = 1;
				DEVELOPMENT_ASSET_PATHS = "\"Poddtoppen/Preview Content\"";
				DEVELOPMENT_TEAM = LT68BJ94W7;
				ENABLE_PREVIEWS = YES;
				GENERATE_INFOPLIST_FILE = YES;
				INFOPLIST_KEY_UIApplicationSceneManifest_Generation = YES;
				INFOPLIST_KEY_UIApplicationSupportsIndirectInputEvents = YES;
				INFOPLIST_KEY_UILaunchScreen_Generation = YES;
				INFOPLIST_KEY_UISupportedInterfaceOrientations_iPad = "UIInterfaceOrientationPortrait UIInterfaceOrientationPortraitUpsideDown UIInterfaceOrientationLandscapeLeft UIInterfaceOrientationLandscapeRight";
				INFOPLIST_KEY_UISupportedInterfaceOrientations_iPhone = "UIInterfaceOrientationPortrait UIInterfaceOrientationLandscapeLeft UIInterfaceOrientationLandscapeRight";
				LD_RUNPATH_SEARCH_PATHS = (
					"$(inherited)",
					"@executable_path/Frameworks",
				);
				MARKETING_VERSION = 1.0;
				PRODUCT_BUNDLE_IDENTIFIER = kriang.Poddtoppen;
				PRODUCT_NAME = "$(TARGET_NAME)";
				SWIFT_EMIT_LOC_STRINGS = YES;
				SWIFT_VERSION = 5.0;
				TARGETED_DEVICE_FAMILY = "1,2";
			};
			name = Debug;
		};
		C9E466E32A90D42600618A72 /* Release */ = {
			isa = XCBuildConfiguration;
			buildSettings = {
				ASSETCATALOG_COMPILER_APPICON_NAME = AppIcon;
				ASSETCATALOG_COMPILER_GLOBAL_ACCENT_COLOR_NAME = AccentColor;
				CODE_SIGN_STYLE = Automatic;
				CURRENT_PROJECT_VERSION = 1;
				DEVELOPMENT_ASSET_PATHS = "\"Poddtoppen/Preview Content\"";
				DEVELOPMENT_TEAM = LT68BJ94W7;
				ENABLE_PREVIEWS = YES;
				GENERATE_INFOPLIST_FILE = YES;
				INFOPLIST_KEY_UIApplicationSceneManifest_Generation = YES;
				INFOPLIST_KEY_UIApplicationSupportsIndirectInputEvents = YES;
				INFOPLIST_KEY_UILaunchScreen_Generation = YES;
				INFOPLIST_KEY_UISupportedInterfaceOrientations_iPad = "UIInterfaceOrientationPortrait UIInterfaceOrientationPortraitUpsideDown UIInterfaceOrientationLandscapeLeft UIInterfaceOrientationLandscapeRight";
				INFOPLIST_KEY_UISupportedInterfaceOrientations_iPhone = "UIInterfaceOrientationPortrait UIInterfaceOrientationLandscapeLeft UIInterfaceOrientationLandscapeRight";
				LD_RUNPATH_SEARCH_PATHS = (
					"$(inherited)",
					"@executable_path/Frameworks",
				);
				MARKETING_VERSION = 1.0;
				PRODUCT_BUNDLE_IDENTIFIER = kriang.Poddtoppen;
				PRODUCT_NAME = "$(TARGET_NAME)";
				SWIFT_EMIT_LOC_STRINGS = YES;
				SWIFT_VERSION = 5.0;
				TARGETED_DEVICE_FAMILY = "1,2";
			};
			name = Release;
		};
		C9E466E52A90D42600618A72 /* Debug */ = {
			isa = XCBuildConfiguration;
			buildSettings = {
				ALWAYS_EMBED_SWIFT_STANDARD_LIBRARIES = YES;
				BUNDLE_LOADER = "$(TEST_HOST)";
				CODE_SIGN_STYLE = Automatic;
				CURRENT_PROJECT_VERSION = 1;
				DEVELOPMENT_TEAM = LT68BJ94W7;
				GENERATE_INFOPLIST_FILE = YES;
				IPHONEOS_DEPLOYMENT_TARGET = 16.2;
				MARKETING_VERSION = 1.0;
				PRODUCT_BUNDLE_IDENTIFIER = kriang.PoddtoppenTests;
				PRODUCT_NAME = "$(TARGET_NAME)";
				SWIFT_EMIT_LOC_STRINGS = NO;
				SWIFT_VERSION = 5.0;
				TARGETED_DEVICE_FAMILY = "1,2";
				TEST_HOST = "$(BUILT_PRODUCTS_DIR)/Poddtoppen.app/$(BUNDLE_EXECUTABLE_FOLDER_PATH)/Poddtoppen";
			};
			name = Debug;
		};
		C9E466E62A90D42600618A72 /* Release */ = {
			isa = XCBuildConfiguration;
			buildSettings = {
				ALWAYS_EMBED_SWIFT_STANDARD_LIBRARIES = YES;
				BUNDLE_LOADER = "$(TEST_HOST)";
				CODE_SIGN_STYLE = Automatic;
				CURRENT_PROJECT_VERSION = 1;
				DEVELOPMENT_TEAM = LT68BJ94W7;
				GENERATE_INFOPLIST_FILE = YES;
				IPHONEOS_DEPLOYMENT_TARGET = 16.2;
				MARKETING_VERSION = 1.0;
				PRODUCT_BUNDLE_IDENTIFIER = kriang.PoddtoppenTests;
				PRODUCT_NAME = "$(TARGET_NAME)";
				SWIFT_EMIT_LOC_STRINGS = NO;
				SWIFT_VERSION = 5.0;
				TARGETED_DEVICE_FAMILY = "1,2";
				TEST_HOST = "$(BUILT_PRODUCTS_DIR)/Poddtoppen.app/$(BUNDLE_EXECUTABLE_FOLDER_PATH)/Poddtoppen";
			};
			name = Release;
		};
		C9E466E82A90D42600618A72 /* Debug */ = {
			isa = XCBuildConfiguration;
			buildSettings = {
				ALWAYS_EMBED_SWIFT_STANDARD_LIBRARIES = YES;
				CODE_SIGN_STYLE = Automatic;
				CURRENT_PROJECT_VERSION = 1;
				DEVELOPMENT_TEAM = LT68BJ94W7;
				GENERATE_INFOPLIST_FILE = YES;
				MARKETING_VERSION = 1.0;
				PRODUCT_BUNDLE_IDENTIFIER = kriang.PoddtoppenUITests;
				PRODUCT_NAME = "$(TARGET_NAME)";
				SWIFT_EMIT_LOC_STRINGS = NO;
				SWIFT_VERSION = 5.0;
				TARGETED_DEVICE_FAMILY = "1,2";
				TEST_TARGET_NAME = Poddtoppen;
			};
			name = Debug;
		};
		C9E466E92A90D42600618A72 /* Release */ = {
			isa = XCBuildConfiguration;
			buildSettings = {
				ALWAYS_EMBED_SWIFT_STANDARD_LIBRARIES = YES;
				CODE_SIGN_STYLE = Automatic;
				CURRENT_PROJECT_VERSION = 1;
				DEVELOPMENT_TEAM = LT68BJ94W7;
				GENERATE_INFOPLIST_FILE = YES;
				MARKETING_VERSION = 1.0;
				PRODUCT_BUNDLE_IDENTIFIER = kriang.PoddtoppenUITests;
				PRODUCT_NAME = "$(TARGET_NAME)";
				SWIFT_EMIT_LOC_STRINGS = NO;
				SWIFT_VERSION = 5.0;
				TARGETED_DEVICE_FAMILY = "1,2";
				TEST_TARGET_NAME = Poddtoppen;
			};
			name = Release;
		};
/* End XCBuildConfiguration section */

/* Begin XCConfigurationList section */
		C9E466B82A90D41F00618A72 /* Build configuration list for PBXProject "Poddtoppen" */ = {
			isa = XCConfigurationList;
			buildConfigurations = (
				C9E466DF2A90D42600618A72 /* Debug */,
				C9E466E02A90D42600618A72 /* Release */,
			);
			defaultConfigurationIsVisible = 0;
			defaultConfigurationName = Release;
		};
		C9E466E12A90D42600618A72 /* Build configuration list for PBXNativeTarget "Poddtoppen" */ = {
			isa = XCConfigurationList;
			buildConfigurations = (
				C9E466E22A90D42600618A72 /* Debug */,
				C9E466E32A90D42600618A72 /* Release */,
			);
			defaultConfigurationIsVisible = 0;
			defaultConfigurationName = Release;
		};
		C9E466E42A90D42600618A72 /* Build configuration list for PBXNativeTarget "PoddtoppenTests" */ = {
			isa = XCConfigurationList;
			buildConfigurations = (
				C9E466E52A90D42600618A72 /* Debug */,
				C9E466E62A90D42600618A72 /* Release */,
			);
			defaultConfigurationIsVisible = 0;
			defaultConfigurationName = Release;
		};
		C9E466E72A90D42600618A72 /* Build configuration list for PBXNativeTarget "PoddtoppenUITests" */ = {
			isa = XCConfigurationList;
			buildConfigurations = (
				C9E466E82A90D42600618A72 /* Debug */,
				C9E466E92A90D42600618A72 /* Release */,
			);
			defaultConfigurationIsVisible = 0;
			defaultConfigurationName = Release;
		};
/* End XCConfigurationList section */
	};
	rootObject = C9E466B52A90D41F00618A72 /* Project object */;
}
